packages:
  - name: dbt_utils
    package: dbt-labs/dbt_utils
    version: 1.3.3
  - name: netsuite
    package: fivetran/netsuite
    version: 1.4.0
  - name: fivetran_utils
    package: fivetran/fivetran_utils
    version: 0.4.11
  - name: spark_utils
    package: dbt-labs/spark_utils
    version: 0.3.3
sha1_hash: 26fa971a068792dfe1357d3429ffecdeb63dcb05
